
Microsoft Visual Studio Solution File, Format Version 11.00
# Visual Studio 2010
Project("{FAE04EC0-301F-11D3-BF4B-00C04F79EFBC}") = "Gee.External.Capstone", "Gee.External.Capstone\Gee.External.Capstone-VS2010.csproj", "{1297DCEE-009D-4739-8124-3F064EA9EA10}"
EndProject
Project("{FAE04EC0-301F-11D3-BF4B-00C04F79EFBC}") = "Tests.Gee.External.Capstone", "Tests.Gee.External.Capstone\Tests.Gee.External.Capstone-VS2010.csproj", "{7D755424-C594-4605-820D-9AF880E091BC}"
EndProject
Project("{FAE04EC0-301F-11D3-BF4B-00C04F79EFBC}") = "CapstoneCMD", "CapstoneCMD\CapstoneCMD-VS2010.csproj", "{D1A6EC03-1420-4516-8548-4117A18DA8B3}"
EndProject
Global
	GlobalSection(SolutionConfigurationPlatforms) = preSolution
		Debug|Any CPU = Debug|Any CPU
		Release|Any CPU = Release|Any CPU
	EndGlobalSection
	GlobalSection(ProjectConfigurationPlatforms) = postSolution
		{1297DCEE-009D-4739-8124-3F064EA9EA10}.Debug|Any CPU.ActiveCfg = Debug|Any CPU
		{1297DCEE-009D-4739-8124-3F064EA9EA10}.Debug|Any CPU.Build.0 = Debug|Any CPU
		{1297DCEE-009D-4739-8124-3F064EA9EA10}.Release|Any CPU.ActiveCfg = Release|Any CPU
		{1297DCEE-009D-4739-8124-3F064EA9EA10}.Release|Any CPU.Build.0 = Release|Any CPU
		{7D755424-C594-4605-820D-9AF880E091BC}.Debug|Any CPU.ActiveCfg = Debug|Any CPU
		{7D755424-C594-4605-820D-9AF880E091BC}.Debug|Any CPU.Build.0 = Debug|Any CPU
		{7D755424-C594-4605-820D-9AF880E091BC}.Release|Any CPU.ActiveCfg = Release|Any CPU
		{7D755424-C594-4605-820D-9AF880E091BC}.Release|Any CPU.Build.0 = Release|Any CPU
		{D1A6EC03-1420-4516-8548-4117A18DA8B3}.Debug|Any CPU.ActiveCfg = Debug|Any CPU
		{D1A6EC03-1420-4516-8548-4117A18DA8B3}.Debug|Any CPU.Build.0 = Debug|Any CPU
		{D1A6EC03-1420-4516-8548-4117A18DA8B3}.Release|Any CPU.ActiveCfg = Release|Any CPU
		{D1A6EC03-1420-4516-8548-4117A18DA8B3}.Release|Any CPU.Build.0 = Release|Any CPU
	EndGlobalSection
	GlobalSection(SolutionProperties) = preSolution
		HideSolutionNode = FALSE
	EndGlobalSection
EndGlobal
